
Microsoft Visual Studio Solution File, Format Version 12.00
# Visual Studio 15
VisualStudioVersion = 15.0.28010.2046
MinimumVisualStudioVersion = 10.0.40219.1
Project("{FAE04EC0-301F-11D3-BF4B-00C04F79EFBC}") = "LayoutXF.Android", "LayoutXF\LayoutXF.Android\LayoutXF.Android.csproj", "{6C8EA627-BC9C-410D-95D5-DD4C6DE4FA1F}"
EndProject
Project("{FAE04EC0-301F-11D3-BF4B-00C04F79EFBC}") = "LayoutXF.iOS", "LayoutXF\LayoutXF.iOS\LayoutXF.iOS.csproj", "{C731727E-0699-47B7-8983-3CCCAC9BEE7E}"
EndProject
Project("{FAE04EC0-301F-11D3-BF4B-00C04F79EFBC}") = "LayoutXF.UWP", "LayoutXF\LayoutXF.UWP\LayoutXF.UWP.csproj", "{3F334A22-4C4D-4496-BB91-BE438DA6209F}"
EndProject
Project("{FAE04EC0-301F-11D3-BF4B-00C04F79EFBC}") = "LayoutXF", "LayoutXF\LayoutXF\LayoutXF.csproj", "{1E9BB1B7-F87C-48C9-9EB7-9ACD4263605A}"
EndProject
Global
	GlobalSection(SolutionConfigurationPlatforms) = preSolution
		Ad-Hoc|Any CPU = Ad-Hoc|Any CPU
		Ad-Hoc|ARM = Ad-Hoc|ARM
		Ad-Hoc|iPhone = Ad-Hoc|iPhone
		Ad-Hoc|iPhoneSimulator = Ad-Hoc|iPhoneSimulator
		Ad-Hoc|x64 = Ad-Hoc|x64
		Ad-Hoc|x86 = Ad-Hoc|x86
		AppStore|Any CPU = AppStore|Any CPU
		AppStore|ARM = AppStore|ARM
		AppStore|iPhone = AppStore|iPhone
		AppStore|iPhoneSimulator = AppStore|iPhoneSimulator
		AppStore|x64 = AppStore|x64
		AppStore|x86 = AppStore|x86
		Debug|Any CPU = Debug|Any CPU
		Debug|ARM = Debug|ARM
		Debug|iPhone = Debug|iPhone
		Debug|iPhoneSimulator = Debug|iPhoneSimulator
		Debug|x64 = Debug|x64
		Debug|x86 = Debug|x86
		Release|Any CPU = Release|Any CPU
		Release|ARM = Release|ARM
		Release|iPhone = Release|iPhone
		Release|iPhoneSimulator = Release|iPhoneSimulator
		Release|x64 = Release|x64
		Release|x86 = Release|x86
	EndGlobalSection
	GlobalSection(ProjectConfigurationPlatforms) = postSolution
		{6C8EA627-BC9C-410D-95D5-DD4C6DE4FA1F}.Ad-Hoc|Any CPU.ActiveCfg = Release|Any CPU
		{6C8EA627-BC9C-410D-95D5-DD4C6DE4FA1F}.Ad-Hoc|Any CPU.Build.0 = Release|Any CPU
		{6C8EA627-BC9C-410D-95D5-DD4C6DE4FA1F}.Ad-Hoc|Any CPU.Deploy.0 = Release|Any CPU
		{6C8EA627-BC9C-410D-95D5-DD4C6DE4FA1F}.Ad-Hoc|ARM.ActiveCfg = Release|Any CPU
		{6C8EA627-BC9C-410D-95D5-DD4C6DE4FA1F}.Ad-Hoc|ARM.Build.0 = Release|Any CPU
		{6C8EA627-BC9C-410D-95D5-DD4C6DE4FA1F}.Ad-Hoc|ARM.Deploy.0 = Release|Any CPU
		{6C8EA627-BC9C-410D-95D5-DD4C6DE4FA1F}.Ad-Hoc|iPhone.ActiveCfg = Release|Any CPU
		{6C8EA627-BC9C-410D-95D5-DD4C6DE4FA1F}.Ad-Hoc|iPhone.Build.0 = Release|Any CPU
		{6C8EA627-BC9C-410D-95D5-DD4C6DE4FA1F}.Ad-Hoc|iPhone.Deploy.0 = Release|Any CPU
		{6C8EA627-BC9C-410D-95D5-DD4C6DE4FA1F}.Ad-Hoc|iPhoneSimulator.ActiveCfg = Release|Any CPU
		{6C8EA627-BC9C-410D-95D5-DD4C6DE4FA1F}.Ad-Hoc|iPhoneSimulator.Build.0 = Release|Any CPU
		{6C8EA627-BC9C-410D-95D5-DD4C6DE4FA1F}.Ad-Hoc|iPhoneSimulator.Deploy.0 = Release|Any CPU
		{6C8EA627-BC9C-410D-95D5-DD4C6DE4FA1F}.Ad-Hoc|x64.ActiveCfg = Release|Any CPU
		{6C8EA627-BC9C-410D-95D5-DD4C6DE4FA1F}.Ad-Hoc|x64.Build.0 = Release|Any CPU
		{6C8EA627-BC9C-410D-95D5-DD4C6DE4FA1F}.Ad-Hoc|x64.Deploy.0 = Release|Any CPU
		{6C8EA627-BC9C-410D-95D5-DD4C6DE4FA1F}.Ad-Hoc|x86.ActiveCfg = Release|Any CPU
		{6C8EA627-BC9C-410D-95D5-DD4C6DE4FA1F}.Ad-Hoc|x86.Build.0 = Release|Any CPU
		{6C8EA627-BC9C-410D-95D5-DD4C6DE4FA1F}.Ad-Hoc|x86.Deploy.0 = Release|Any CPU
		{6C8EA627-BC9C-410D-95D5-DD4C6DE4FA1F}.AppStore|Any CPU.ActiveCfg = Release|Any CPU
		{6C8EA627-BC9C-410D-95D5-DD4C6DE4FA1F}.AppStore|Any CPU.Build.0 = Release|Any CPU
		{6C8EA627-BC9C-410D-95D5-DD4C6DE4FA1F}.AppStore|Any CPU.Deploy.0 = Release|Any CPU
		{6C8EA627-BC9C-410D-95D5-DD4C6DE4FA1F}.AppStore|ARM.ActiveCfg = Release|Any CPU
		{6C8EA627-BC9C-410D-95D5-DD4C6DE4FA1F}.AppStore|ARM.Build.0 = Release|Any CPU
		{6C8EA627-BC9C-410D-95D5-DD4C6DE4FA1F}.AppStore|ARM.Deploy.0 = Release|Any CPU
		{6C8EA627-BC9C-410D-95D5-DD4C6DE4FA1F}.AppStore|iPhone.ActiveCfg = Release|Any CPU
		{6C8EA627-BC9C-410D-95D5-DD4C6DE4FA1F}.AppStore|iPhone.Build.0 = Release|Any CPU
		{6C8EA627-BC9C-410D-95D5-DD4C6DE4FA1F}.AppStore|iPhone.Deploy.0 = Release|Any CPU
		{6C8EA627-BC9C-410D-95D5-DD4C6DE4FA1F}.AppStore|iPhoneSimulator.ActiveCfg = Release|Any CPU
		{6C8EA627-BC9C-410D-95D5-DD4C6DE4FA1F}.AppStore|iPhoneSimulator.Build.0 = Release|Any CPU
		{6C8EA627-BC9C-410D-95D5-DD4C6DE4FA1F}.AppStore|iPhoneSimulator.Deploy.0 = Release|Any CPU
		{6C8EA627-BC9C-410D-95D5-DD4C6DE4FA1F}.AppStore|x64.ActiveCfg = Release|Any CPU
		{6C8EA627-BC9C-410D-95D5-DD4C6DE4FA1F}.AppStore|x64.Build.0 = Release|Any CPU
		{6C8EA627-BC9C-410D-95D5-DD4C6DE4FA1F}.AppStore|x64.Deploy.0 = Release|Any CPU
		{6C8EA627-BC9C-410D-95D5-DD4C6DE4FA1F}.AppStore|x86.ActiveCfg = Release|Any CPU
		{6C8EA627-BC9C-410D-95D5-DD4C6DE4FA1F}.AppStore|x86.Build.0 = Release|Any CPU
		{6C8EA627-BC9C-410D-95D5-DD4C6DE4FA1F}.AppStore|x86.Deploy.0 = Release|Any CPU
		{6C8EA627-BC9C-410D-95D5-DD4C6DE4FA1F}.Debug|Any CPU.ActiveCfg = Debug|Any CPU
		{6C8EA627-BC9C-410D-95D5-DD4C6DE4FA1F}.Debug|Any CPU.Build.0 = Debug|Any CPU
		{6C8EA627-BC9C-410D-95D5-DD4C6DE4FA1F}.Debug|Any CPU.Deploy.0 = Debug|Any CPU
		{6C8EA627-BC9C-410D-95D5-DD4C6DE4FA1F}.Debug|ARM.ActiveCfg = Debug|Any CPU
		{6C8EA627-BC9C-410D-95D5-DD4C6DE4FA1F}.Debug|ARM.Build.0 = Debug|Any CPU
		{6C8EA627-BC9C-410D-95D5-DD4C6DE4FA1F}.Debug|ARM.Deploy.0 = Debug|Any CPU
		{6C8EA627-BC9C-410D-95D5-DD4C6DE4FA1F}.Debug|iPhone.ActiveCfg = Debug|Any CPU
		{6C8EA627-BC9C-410D-95D5-DD4C6DE4FA1F}.Debug|iPhone.Build.0 = Debug|Any CPU
		{6C8EA627-BC9C-410D-95D5-DD4C6DE4FA1F}.Debug|iPhone.Deploy.0 = Debug|Any CPU
		{6C8EA627-BC9C-410D-95D5-DD4C6DE4FA1F}.Debug|iPhoneSimulator.ActiveCfg = Debug|Any CPU
		{6C8EA627-BC9C-410D-95D5-DD4C6DE4FA1F}.Debug|iPhoneSimulator.Build.0 = Debug|Any CPU
		{6C8EA627-BC9C-410D-95D5-DD4C6DE4FA1F}.Debug|iPhoneSimulator.Deploy.0 = Debug|Any CPU
		{6C8EA627-BC9C-410D-95D5-DD4C6DE4FA1F}.Debug|x64.ActiveCfg = Debug|Any CPU
		{6C8EA627-BC9C-410D-95D5-DD4C6DE4FA1F}.Debug|x64.Build.0 = Debug|Any CPU
		{6C8EA627-BC9C-410D-95D5-DD4C6DE4FA1F}.Debug|x64.Deploy.0 = Debug|Any CPU
		{6C8EA627-BC9C-410D-95D5-DD4C6DE4FA1F}.Debug|x86.ActiveCfg = Debug|Any CPU
		{6C8EA627-BC9C-410D-95D5-DD4C6DE4FA1F}.Debug|x86.Build.0 = Debug|Any CPU
		{6C8EA627-BC9C-410D-95D5-DD4C6DE4FA1F}.Debug|x86.Deploy.0 = Debug|Any CPU
		{6C8EA627-BC9C-410D-95D5-DD4C6DE4FA1F}.Release|Any CPU.ActiveCfg = Release|Any CPU
		{6C8EA627-BC9C-410D-95D5-DD4C6DE4FA1F}.Release|Any CPU.Build.0 = Release|Any CPU
		{6C8EA627-BC9C-410D-95D5-DD4C6DE4FA1F}.Release|Any CPU.Deploy.0 = Release|Any CPU
		{6C8EA627-BC9C-410D-95D5-DD4C6DE4FA1F}.Release|ARM.ActiveCfg = Release|Any CPU
		{6C8EA627-BC9C-410D-95D5-DD4C6DE4FA1F}.Release|ARM.Build.0 = Release|Any CPU
		{6C8EA627-BC9C-410D-95D5-DD4C6DE4FA1F}.Release|ARM.Deploy.0 = Release|Any CPU
		{6C8EA627-BC9C-410D-95D5-DD4C6DE4FA1F}.Release|iPhone.ActiveCfg = Release|Any CPU
		{6C8EA627-BC9C-410D-95D5-DD4C6DE4FA1F}.Release|iPhone.Build.0 = Release|Any CPU
		{6C8EA627-BC9C-410D-95D5-DD4C6DE4FA1F}.Release|iPhone.Deploy.0 = Release|Any CPU
		{6C8EA627-BC9C-410D-95D5-DD4C6DE4FA1F}.Release|iPhoneSimulator.ActiveCfg = Release|Any CPU
		{6C8EA627-BC9C-410D-95D5-DD4C6DE4FA1F}.Release|iPhoneSimulator.Build.0 = Release|Any CPU
		{6C8EA627-BC9C-410D-95D5-DD4C6DE4FA1F}.Release|iPhoneSimulator.Deploy.0 = Release|Any CPU
		{6C8EA627-BC9C-410D-95D5-DD4C6DE4FA1F}.Release|x64.ActiveCfg = Release|Any CPU
		{6C8EA627-BC9C-410D-95D5-DD4C6DE4FA1F}.Release|x64.Build.0 = Release|Any CPU
		{6C8EA627-BC9C-410D-95D5-DD4C6DE4FA1F}.Release|x64.Deploy.0 = Release|Any CPU
		{6C8EA627-BC9C-410D-95D5-DD4C6DE4FA1F}.Release|x86.ActiveCfg = Release|Any CPU
		{6C8EA627-BC9C-410D-95D5-DD4C6DE4FA1F}.Release|x86.Build.0 = Release|Any CPU
		{6C8EA627-BC9C-410D-95D5-DD4C6DE4FA1F}.Release|x86.Deploy.0 = Release|Any CPU
		{C731727E-0699-47B7-8983-3CCCAC9BEE7E}.Ad-Hoc|Any CPU.ActiveCfg = Ad-Hoc|iPhone
		{C731727E-0699-47B7-8983-3CCCAC9BEE7E}.Ad-Hoc|Any CPU.Build.0 = Ad-Hoc|iPhone
		{C731727E-0699-47B7-8983-3CCCAC9BEE7E}.Ad-Hoc|Any CPU.Deploy.0 = Ad-Hoc|iPhone
		{C731727E-0699-47B7-8983-3CCCAC9BEE7E}.Ad-Hoc|ARM.ActiveCfg = Ad-Hoc|iPhone
		{C731727E-0699-47B7-8983-3CCCAC9BEE7E}.Ad-Hoc|ARM.Build.0 = Ad-Hoc|iPhone
		{C731727E-0699-47B7-8983-3CCCAC9BEE7E}.Ad-Hoc|ARM.Deploy.0 = Ad-Hoc|iPhone
		{C731727E-0699-47B7-8983-3CCCAC9BEE7E}.Ad-Hoc|iPhone.ActiveCfg = Ad-Hoc|iPhone
		{C731727E-0699-47B7-8983-3CCCAC9BEE7E}.Ad-Hoc|iPhone.Build.0 = Ad-Hoc|iPhone
		{C731727E-0699-47B7-8983-3CCCAC9BEE7E}.Ad-Hoc|iPhone.Deploy.0 = Ad-Hoc|iPhone
		{C731727E-0699-47B7-8983-3CCCAC9BEE7E}.Ad-Hoc|iPhoneSimulator.ActiveCfg = Ad-Hoc|iPhoneSimulator
		{C731727E-0699-47B7-8983-3CCCAC9BEE7E}.Ad-Hoc|iPhoneSimulator.Build.0 = Ad-Hoc|iPhoneSimulator
		{C731727E-0699-47B7-8983-3CCCAC9BEE7E}.Ad-Hoc|iPhoneSimulator.Deploy.0 = Ad-Hoc|iPhoneSimulator
		{C731727E-0699-47B7-8983-3CCCAC9BEE7E}.Ad-Hoc|x64.ActiveCfg = Ad-Hoc|iPhone
		{C731727E-0699-47B7-8983-3CCCAC9BEE7E}.Ad-Hoc|x64.Build.0 = Ad-Hoc|iPhone
		{C731727E-0699-47B7-8983-3CCCAC9BEE7E}.Ad-Hoc|x64.Deploy.0 = Ad-Hoc|iPhone
		{C731727E-0699-47B7-8983-3CCCAC9BEE7E}.Ad-Hoc|x86.ActiveCfg = Ad-Hoc|iPhone
		{C731727E-0699-47B7-8983-3CCCAC9BEE7E}.Ad-Hoc|x86.Build.0 = Ad-Hoc|iPhone
		{C731727E-0699-47B7-8983-3CCCAC9BEE7E}.Ad-Hoc|x86.Deploy.0 = Ad-Hoc|iPhone
		{C731727E-0699-47B7-8983-3CCCAC9BEE7E}.AppStore|Any CPU.ActiveCfg = AppStore|iPhone
		{C731727E-0699-47B7-8983-3CCCAC9BEE7E}.AppStore|Any CPU.Build.0 = AppStore|iPhone
		{C731727E-0699-47B7-8983-3CCCAC9BEE7E}.AppStore|Any CPU.Deploy.0 = AppStore|iPhone
		{C731727E-0699-47B7-8983-3CCCAC9BEE7E}.AppStore|ARM.ActiveCfg = AppStore|iPhone
		{C731727E-0699-47B7-8983-3CCCAC9BEE7E}.AppStore|ARM.Build.0 = AppStore|iPhone
		{C731727E-0699-47B7-8983-3CCCAC9BEE7E}.AppStore|ARM.Deploy.0 = AppStore|iPhone
		{C731727E-0699-47B7-8983-3CCCAC9BEE7E}.AppStore|iPhone.ActiveCfg = AppStore|iPhone
		{C731727E-0699-47B7-8983-3CCCAC9BEE7E}.AppStore|iPhone.Build.0 = AppStore|iPhone
		{C731727E-0699-47B7-8983-3CCCAC9BEE7E}.AppStore|iPhone.Deploy.0 = AppStore|iPhone
		{C731727E-0699-47B7-8983-3CCCAC9BEE7E}.AppStore|iPhoneSimulator.ActiveCfg = AppStore|iPhoneSimulator
		{C731727E-0699-47B7-8983-3CCCAC9BEE7E}.AppStore|iPhoneSimulator.Build.0 = AppStore|iPhoneSimulator
		{C731727E-0699-47B7-8983-3CCCAC9BEE7E}.AppStore|iPhoneSimulator.Deploy.0 = AppStore|iPhoneSimulator
		{C731727E-0699-47B7-8983-3CCCAC9BEE7E}.AppStore|x64.ActiveCfg = AppStore|iPhone
		{C731727E-0699-47B7-8983-3CCCAC9BEE7E}.AppStore|x64.Build.0 = AppStore|iPhone
		{C731727E-0699-47B7-8983-3CCCAC9BEE7E}.AppStore|x64.Deploy.0 = AppStore|iPhone
		{C731727E-0699-47B7-8983-3CCCAC9BEE7E}.AppStore|x86.ActiveCfg = AppStore|iPhone
		{C731727E-0699-47B7-8983-3CCCAC9BEE7E}.AppStore|x86.Build.0 = AppStore|iPhone
		{C731727E-0699-47B7-8983-3CCCAC9BEE7E}.AppStore|x86.Deploy.0 = AppStore|iPhone
		{C731727E-0699-47B7-8983-3CCCAC9BEE7E}.Debug|Any CPU.ActiveCfg = Debug|iPhoneSimulator
		{C731727E-0699-47B7-8983-3CCCAC9BEE7E}.Debug|Any CPU.Build.0 = Debug|iPhoneSimulator
		{C731727E-0699-47B7-8983-3CCCAC9BEE7E}.Debug|Any CPU.Deploy.0 = Debug|iPhoneSimulator
		{C731727E-0699-47B7-8983-3CCCAC9BEE7E}.Debug|ARM.ActiveCfg = Debug|iPhone
		{C731727E-0699-47B7-8983-3CCCAC9BEE7E}.Debug|ARM.Build.0 = Debug|iPhone
		{C731727E-0699-47B7-8983-3CCCAC9BEE7E}.Debug|ARM.Deploy.0 = Debug|iPhone
		{C731727E-0699-47B7-8983-3CCCAC9BEE7E}.Debug|iPhone.ActiveCfg = Debug|iPhone
		{C731727E-0699-47B7-8983-3CCCAC9BEE7E}.Debug|iPhone.Build.0 = Debug|iPhone
		{C731727E-0699-47B7-8983-3CCCAC9BEE7E}.Debug|iPhone.Deploy.0 = Debug|iPhone
		{C731727E-0699-47B7-8983-3CCCAC9BEE7E}.Debug|iPhoneSimulator.ActiveCfg = Debug|iPhoneSimulator
		{C731727E-0699-47B7-8983-3CCCAC9BEE7E}.Debug|iPhoneSimulator.Build.0 = Debug|iPhoneSimulator
		{C731727E-0699-47B7-8983-3CCCAC9BEE7E}.Debug|iPhoneSimulator.Deploy.0 = Debug|iPhoneSimulator
		{C731727E-0699-47B7-8983-3CCCAC9BEE7E}.Debug|x64.ActiveCfg = Debug|iPhone
		{C731727E-0699-47B7-8983-3CCCAC9BEE7E}.Debug|x64.Build.0 = Debug|iPhone
		{C731727E-0699-47B7-8983-3CCCAC9BEE7E}.Debug|x64.Deploy.0 = Debug|iPhone
		{C731727E-0699-47B7-8983-3CCCAC9BEE7E}.Debug|x86.ActiveCfg = Debug|iPhone
		{C731727E-0699-47B7-8983-3CCCAC9BEE7E}.Debug|x86.Build.0 = Debug|iPhone
		{C731727E-0699-47B7-8983-3CCCAC9BEE7E}.Debug|x86.Deploy.0 = Debug|iPhone
		{C731727E-0699-47B7-8983-3CCCAC9BEE7E}.Release|Any CPU.ActiveCfg = Release|iPhone
		{C731727E-0699-47B7-8983-3CCCAC9BEE7E}.Release|Any CPU.Build.0 = Release|iPhone
		{C731727E-0699-47B7-8983-3CCCAC9BEE7E}.Release|Any CPU.Deploy.0 = Release|iPhone
		{C731727E-0699-47B7-8983-3CCCAC9BEE7E}.Release|ARM.ActiveCfg = Release|iPhone
		{C731727E-0699-47B7-8983-3CCCAC9BEE7E}.Release|ARM.Build.0 = Release|iPhone
		{C731727E-0699-47B7-8983-3CCCAC9BEE7E}.Release|ARM.Deploy.0 = Release|iPhone
		{C731727E-0699-47B7-8983-3CCCAC9BEE7E}.Release|iPhone.ActiveCfg = Release|iPhone
		{C731727E-0699-47B7-8983-3CCCAC9BEE7E}.Release|iPhone.Build.0 = Release|iPhone
		{C731727E-0699-47B7-8983-3CCCAC9BEE7E}.Release|iPhone.Deploy.0 = Release|iPhone
		{C731727E-0699-47B7-8983-3CCCAC9BEE7E}.Release|iPhoneSimulator.ActiveCfg = Release|iPhoneSimulator
		{C731727E-0699-47B7-8983-3CCCAC9BEE7E}.Release|iPhoneSimulator.Build.0 = Release|iPhoneSimulator
		{C731727E-0699-47B7-8983-3CCCAC9BEE7E}.Release|iPhoneSimulator.Deploy.0 = Release|iPhoneSimulator
		{C731727E-0699-47B7-8983-3CCCAC9BEE7E}.Release|x64.ActiveCfg = Release|iPhone
		{C731727E-0699-47B7-8983-3CCCAC9BEE7E}.Release|x64.Build.0 = Release|iPhone
		{C731727E-0699-47B7-8983-3CCCAC9BEE7E}.Release|x64.Deploy.0 = Release|iPhone
		{C731727E-0699-47B7-8983-3CCCAC9BEE7E}.Release|x86.ActiveCfg = Release|iPhone
		{C731727E-0699-47B7-8983-3CCCAC9BEE7E}.Release|x86.Build.0 = Release|iPhone
		{C731727E-0699-47B7-8983-3CCCAC9BEE7E}.Release|x86.Deploy.0 = Release|iPhone
		{3F334A22-4C4D-4496-BB91-BE438DA6209F}.Ad-Hoc|Any CPU.ActiveCfg = Release|x86
		{3F334A22-4C4D-4496-BB91-BE438DA6209F}.Ad-Hoc|Any CPU.Build.0 = Release|x86
		{3F334A22-4C4D-4496-BB91-BE438DA6209F}.Ad-Hoc|Any CPU.Deploy.0 = Release|x86
		{3F334A22-4C4D-4496-BB91-BE438DA6209F}.Ad-Hoc|ARM.ActiveCfg = Release|ARM
		{3F334A22-4C4D-4496-BB91-BE438DA6209F}.Ad-Hoc|ARM.Build.0 = Release|ARM
		{3F334A22-4C4D-4496-BB91-BE438DA6209F}.Ad-Hoc|ARM.Deploy.0 = Release|ARM
		{3F334A22-4C4D-4496-BB91-BE438DA6209F}.Ad-Hoc|iPhone.ActiveCfg = Release|x86
		{3F334A22-4C4D-4496-BB91-BE438DA6209F}.Ad-Hoc|iPhone.Build.0 = Release|x86
		{3F334A22-4C4D-4496-BB91-BE438DA6209F}.Ad-Hoc|iPhone.Deploy.0 = Release|x86
		{3F334A22-4C4D-4496-BB91-BE438DA6209F}.Ad-Hoc|iPhoneSimulator.ActiveCfg = Release|x86
		{3F334A22-4C4D-4496-BB91-BE438DA6209F}.Ad-Hoc|iPhoneSimulator.Build.0 = Release|x86
		{3F334A22-4C4D-4496-BB91-BE438DA6209F}.Ad-Hoc|iPhoneSimulator.Deploy.0 = Release|x86
		{3F334A22-4C4D-4496-BB91-BE438DA6209F}.Ad-Hoc|x64.ActiveCfg = Release|x64
		{3F334A22-4C4D-4496-BB91-BE438DA6209F}.Ad-Hoc|x64.Build.0 = Release|x64
		{3F334A22-4C4D-4496-BB91-BE438DA6209F}.Ad-Hoc|x64.Deploy.0 = Release|x64
		{3F334A22-4C4D-4496-BB91-BE438DA6209F}.Ad-Hoc|x86.ActiveCfg = Release|x86
		{3F334A22-4C4D-4496-BB91-BE438DA6209F}.Ad-Hoc|x86.Build.0 = Release|x86
		{3F334A22-4C4D-4496-BB91-BE438DA6209F}.Ad-Hoc|x86.Deploy.0 = Release|x86
		{3F334A22-4C4D-4496-BB91-BE438DA6209F}.AppStore|Any CPU.ActiveCfg = Release|x86
		{3F334A22-4C4D-4496-BB91-BE438DA6209F}.AppStore|Any CPU.Build.0 = Release|x86
		{3F334A22-4C4D-4496-BB91-BE438DA6209F}.AppStore|Any CPU.Deploy.0 = Release|x86
		{3F334A22-4C4D-4496-BB91-BE438DA6209F}.AppStore|ARM.ActiveCfg = Release|ARM
		{3F334A22-4C4D-4496-BB91-BE438DA6209F}.AppStore|ARM.Build.0 = Release|ARM
		{3F334A22-4C4D-4496-BB91-BE438DA6209F}.AppStore|ARM.Deploy.0 = Release|ARM
		{3F334A22-4C4D-4496-BB91-BE438DA6209F}.AppStore|iPhone.ActiveCfg = Release|x86
		{3F334A22-4C4D-4496-BB91-BE438DA6209F}.AppStore|iPhone.Build.0 = Release|x86
		{3F334A22-4C4D-4496-BB91-BE438DA6209F}.AppStore|iPhone.Deploy.0 = Release|x86
		{3F334A22-4C4D-4496-BB91-BE438DA6209F}.AppStore|iPhoneSimulator.ActiveCfg = Release|x86
		{3F334A22-4C4D-4496-BB91-BE438DA6209F}.AppStore|iPhoneSimulator.Build.0 = Release|x86
		{3F334A22-4C4D-4496-BB91-BE438DA6209F}.AppStore|iPhoneSimulator.Deploy.0 = Release|x86
		{3F334A22-4C4D-4496-BB91-BE438DA6209F}.AppStore|x64.ActiveCfg = Release|x64
		{3F334A22-4C4D-4496-BB91-BE438DA6209F}.AppStore|x64.Build.0 = Release|x64
		{3F334A22-4C4D-4496-BB91-BE438DA6209F}.AppStore|x64.Deploy.0 = Release|x64
		{3F334A22-4C4D-4496-BB91-BE438DA6209F}.AppStore|x86.ActiveCfg = Release|x86
		{3F334A22-4C4D-4496-BB91-BE438DA6209F}.AppStore|x86.Build.0 = Release|x86
		{3F334A22-4C4D-4496-BB91-BE438DA6209F}.AppStore|x86.Deploy.0 = Release|x86
		{3F334A22-4C4D-4496-BB91-BE438DA6209F}.Debug|Any CPU.ActiveCfg = Debug|x86
		{3F334A22-4C4D-4496-BB91-BE438DA6209F}.Debug|Any CPU.Build.0 = Debug|x86
		{3F334A22-4C4D-4496-BB91-BE438DA6209F}.Debug|Any CPU.Deploy.0 = Debug|x86
		{3F334A22-4C4D-4496-BB91-BE438DA6209F}.Debug|ARM.ActiveCfg = Debug|ARM
		{3F334A22-4C4D-4496-BB91-BE438DA6209F}.Debug|ARM.Build.0 = Debug|ARM
		{3F334A22-4C4D-4496-BB91-BE438DA6209F}.Debug|ARM.Deploy.0 = Debug|ARM
		{3F334A22-4C4D-4496-BB91-BE438DA6209F}.Debug|iPhone.ActiveCfg = Debug|x86
		{3F334A22-4C4D-4496-BB91-BE438DA6209F}.Debug|iPhone.Build.0 = Debug|x86
		{3F334A22-4C4D-4496-BB91-BE438DA6209F}.Debug|iPhone.Deploy.0 = Debug|x86
		{3F334A22-4C4D-4496-BB91-BE438DA6209F}.Debug|iPhoneSimulator.ActiveCfg = Debug|x86
		{3F334A22-4C4D-4496-BB91-BE438DA6209F}.Debug|iPhoneSimulator.Build.0 = Debug|x86
		{3F334A22-4C4D-4496-BB91-BE438DA6209F}.Debug|iPhoneSimulator.Deploy.0 = Debug|x86
		{3F334A22-4C4D-4496-BB91-BE438DA6209F}.Debug|x64.ActiveCfg = Debug|x64
		{3F334A22-4C4D-4496-BB91-BE438DA6209F}.Debug|x64.Build.0 = Debug|x64
		{3F334A22-4C4D-4496-BB91-BE438DA6209F}.Debug|x64.Deploy.0 = Debug|x64
		{3F334A22-4C4D-4496-BB91-BE438DA6209F}.Debug|x86.ActiveCfg = Debug|x86
		{3F334A22-4C4D-4496-BB91-BE438DA6209F}.Debug|x86.Build.0 = Debug|x86
		{3F334A22-4C4D-4496-BB91-BE438DA6209F}.Debug|x86.Deploy.0 = Debug|x86
		{3F334A22-4C4D-4496-BB91-BE438DA6209F}.Release|Any CPU.ActiveCfg = Release|x86
		{3F334A22-4C4D-4496-BB91-BE438DA6209F}.Release|Any CPU.Build.0 = Release|x86
		{3F334A22-4C4D-4496-BB91-BE438DA6209F}.Release|Any CPU.Deploy.0 = Release|x86
		{3F334A22-4C4D-4496-BB91-BE438DA6209F}.Release|ARM.ActiveCfg = Release|ARM
		{3F334A22-4C4D-4496-BB91-BE438DA6209F}.Release|ARM.Build.0 = Release|ARM
		{3F334A22-4C4D-4496-BB91-BE438DA6209F}.Release|ARM.Deploy.0 = Release|ARM
		{3F334A22-4C4D-4496-BB91-BE438DA6209F}.Release|iPhone.ActiveCfg = Release|x86
		{3F334A22-4C4D-4496-BB91-BE438DA6209F}.Release|iPhone.Build.0 = Release|x86
		{3F334A22-4C4D-4496-BB91-BE438DA6209F}.Release|iPhone.Deploy.0 = Release|x86
		{3F334A22-4C4D-4496-BB91-BE438DA6209F}.Release|iPhoneSimulator.ActiveCfg = Release|x86
		{3F334A22-4C4D-4496-BB91-BE438DA6209F}.Release|iPhoneSimulator.Build.0 = Release|x86
		{3F334A22-4C4D-4496-BB91-BE438DA6209F}.Release|iPhoneSimulator.Deploy.0 = Release|x86
		{3F334A22-4C4D-4496-BB91-BE438DA6209F}.Release|x64.ActiveCfg = Release|x64
		{3F334A22-4C4D-4496-BB91-BE438DA6209F}.Release|x64.Build.0 = Release|x64
		{3F334A22-4C4D-4496-BB91-BE438DA6209F}.Release|x64.Deploy.0 = Release|x64
		{3F334A22-4C4D-4496-BB91-BE438DA6209F}.Release|x86.ActiveCfg = Release|x86
		{3F334A22-4C4D-4496-BB91-BE438DA6209F}.Release|x86.Build.0 = Release|x86
		{3F334A22-4C4D-4496-BB91-BE438DA6209F}.Release|x86.Deploy.0 = Release|x86
		{1E9BB1B7-F87C-48C9-9EB7-9ACD4263605A}.Ad-Hoc|Any CPU.ActiveCfg = Debug|Any CPU
		{1E9BB1B7-F87C-48C9-9EB7-9ACD4263605A}.Ad-Hoc|Any CPU.Build.0 = Debug|Any CPU
		{1E9BB1B7-F87C-48C9-9EB7-9ACD4263605A}.Ad-Hoc|Any CPU.Deploy.0 = Debug|Any CPU
		{1E9BB1B7-F87C-48C9-9EB7-9ACD4263605A}.Ad-Hoc|ARM.ActiveCfg = Debug|Any CPU
		{1E9BB1B7-F87C-48C9-9EB7-9ACD4263605A}.Ad-Hoc|ARM.Build.0 = Debug|Any CPU
		{1E9BB1B7-F87C-48C9-9EB7-9ACD4263605A}.Ad-Hoc|ARM.Deploy.0 = Debug|Any CPU
		{1E9BB1B7-F87C-48C9-9EB7-9ACD4263605A}.Ad-Hoc|iPhone.ActiveCfg = Debug|Any CPU
		{1E9BB1B7-F87C-48C9-9EB7-9ACD4263605A}.Ad-Hoc|iPhone.Build.0 = Debug|Any CPU
		{1E9BB1B7-F87C-48C9-9EB7-9ACD4263605A}.Ad-Hoc|iPhone.Deploy.0 = Debug|Any CPU
		{1E9BB1B7-F87C-48C9-9EB7-9ACD4263605A}.Ad-Hoc|iPhoneSimulator.ActiveCfg = Debug|Any CPU
		{1E9BB1B7-F87C-48C9-9EB7-9ACD4263605A}.Ad-Hoc|iPhoneSimulator.Build.0 = Debug|Any CPU
		{1E9BB1B7-F87C-48C9-9EB7-9ACD4263605A}.Ad-Hoc|iPhoneSimulator.Deploy.0 = Debug|Any CPU
		{1E9BB1B7-F87C-48C9-9EB7-9ACD4263605A}.Ad-Hoc|x64.ActiveCfg = Debug|Any CPU
		{1E9BB1B7-F87C-48C9-9EB7-9ACD4263605A}.Ad-Hoc|x64.Build.0 = Debug|Any CPU
		{1E9BB1B7-F87C-48C9-9EB7-9ACD4263605A}.Ad-Hoc|x64.Deploy.0 = Debug|Any CPU
		{1E9BB1B7-F87C-48C9-9EB7-9ACD4263605A}.Ad-Hoc|x86.ActiveCfg = Debug|Any CPU
		{1E9BB1B7-F87C-48C9-9EB7-9ACD4263605A}.Ad-Hoc|x86.Build.0 = Debug|Any CPU
		{1E9BB1B7-F87C-48C9-9EB7-9ACD4263605A}.Ad-Hoc|x86.Deploy.0 = Debug|Any CPU
		{1E9BB1B7-F87C-48C9-9EB7-9ACD4263605A}.AppStore|Any CPU.ActiveCfg = Debug|Any CPU
		{1E9BB1B7-F87C-48C9-9EB7-9ACD4263605A}.AppStore|Any CPU.Build.0 = Debug|Any CPU
		{1E9BB1B7-F87C-48C9-9EB7-9ACD4263605A}.AppStore|Any CPU.Deploy.0 = Debug|Any CPU
		{1E9BB1B7-F87C-48C9-9EB7-9ACD4263605A}.AppStore|ARM.ActiveCfg = Debug|Any CPU
		{1E9BB1B7-F87C-48C9-9EB7-9ACD4263605A}.AppStore|ARM.Build.0 = Debug|Any CPU
		{1E9BB1B7-F87C-48C9-9EB7-9ACD4263605A}.AppStore|ARM.Deploy.0 = Debug|Any CPU
		{1E9BB1B7-F87C-48C9-9EB7-9ACD4263605A}.AppStore|iPhone.ActiveCfg = Debug|Any CPU
		{1E9BB1B7-F87C-48C9-9EB7-9ACD4263605A}.AppStore|iPhone.Build.0 = Debug|Any CPU
		{1E9BB1B7-F87C-48C9-9EB7-9ACD4263605A}.AppStore|iPhone.Deploy.0 = Debug|Any CPU
		{1E9BB1B7-F87C-48C9-9EB7-9ACD4263605A}.AppStore|iPhoneSimulator.ActiveCfg = Debug|Any CPU
		{1E9BB1B7-F87C-48C9-9EB7-9ACD4263605A}.AppStore|iPhoneSimulator.Build.0 = Debug|Any CPU
		{1E9BB1B7-F87C-48C9-9EB7-9ACD4263605A}.AppStore|iPhoneSimulator.Deploy.0 = Debug|Any CPU
		{1E9BB1B7-F87C-48C9-9EB7-9ACD4263605A}.AppStore|x64.ActiveCfg = Debug|Any CPU
		{1E9BB1B7-F87C-48C9-9EB7-9ACD4263605A}.AppStore|x64.Build.0 = Debug|Any CPU
		{1E9BB1B7-F87C-48C9-9EB7-9ACD4263605A}.AppStore|x64.Deploy.0 = Debug|Any CPU
		{1E9BB1B7-F87C-48C9-9EB7-9ACD4263605A}.AppStore|x86.ActiveCfg = Debug|Any CPU
		{1E9BB1B7-F87C-48C9-9EB7-9ACD4263605A}.AppStore|x86.Build.0 = Debug|Any CPU
		{1E9BB1B7-F87C-48C9-9EB7-9ACD4263605A}.AppStore|x86.Deploy.0 = Debug|Any CPU
		{1E9BB1B7-F87C-48C9-9EB7-9ACD4263605A}.Debug|Any CPU.ActiveCfg = Debug|Any CPU
		{1E9BB1B7-F87C-48C9-9EB7-9ACD4263605A}.Debug|Any CPU.Build.0 = Debug|Any CPU
		{1E9BB1B7-F87C-48C9-9EB7-9ACD4263605A}.Debug|Any CPU.Deploy.0 = Debug|Any CPU
		{1E9BB1B7-F87C-48C9-9EB7-9ACD4263605A}.Debug|ARM.ActiveCfg = Debug|Any CPU
		{1E9BB1B7-F87C-48C9-9EB7-9ACD4263605A}.Debug|ARM.Build.0 = Debug|Any CPU
		{1E9BB1B7-F87C-48C9-9EB7-9ACD4263605A}.Debug|ARM.Deploy.0 = Debug|Any CPU
		{1E9BB1B7-F87C-48C9-9EB7-9ACD4263605A}.Debug|iPhone.ActiveCfg = Debug|Any CPU
		{1E9BB1B7-F87C-48C9-9EB7-9ACD4263605A}.Debug|iPhone.Build.0 = Debug|Any CPU
		{1E9BB1B7-F87C-48C9-9EB7-9ACD4263605A}.Debug|iPhone.Deploy.0 = Debug|Any CPU
		{1E9BB1B7-F87C-48C9-9EB7-9ACD4263605A}.Debug|iPhoneSimulator.ActiveCfg = Debug|Any CPU
		{1E9BB1B7-F87C-48C9-9EB7-9ACD4263605A}.Debug|iPhoneSimulator.Build.0 = Debug|Any CPU
		{1E9BB1B7-F87C-48C9-9EB7-9ACD4263605A}.Debug|iPhoneSimulator.Deploy.0 = Debug|Any CPU
		{1E9BB1B7-F87C-48C9-9EB7-9ACD4263605A}.Debug|x64.ActiveCfg = Debug|Any CPU
		{1E9BB1B7-F87C-48C9-9EB7-9ACD4263605A}.Debug|x64.Build.0 = Debug|Any CPU
		{1E9BB1B7-F87C-48C9-9EB7-9ACD4263605A}.Debug|x64.Deploy.0 = Debug|Any CPU
		{1E9BB1B7-F87C-48C9-9EB7-9ACD4263605A}.Debug|x86.ActiveCfg = Debug|Any CPU
		{1E9BB1B7-F87C-48C9-9EB7-9ACD4263605A}.Debug|x86.Build.0 = Debug|Any CPU
		{1E9BB1B7-F87C-48C9-9EB7-9ACD4263605A}.Debug|x86.Deploy.0 = Debug|Any CPU
		{1E9BB1B7-F87C-48C9-9EB7-9ACD4263605A}.Release|Any CPU.ActiveCfg = Release|Any CPU
		{1E9BB1B7-F87C-48C9-9EB7-9ACD4263605A}.Release|Any CPU.Build.0 = Release|Any CPU
		{1E9BB1B7-F87C-48C9-9EB7-9ACD4263605A}.Release|Any CPU.Deploy.0 = Release|Any CPU
		{1E9BB1B7-F87C-48C9-9EB7-9ACD4263605A}.Release|ARM.ActiveCfg = Release|Any CPU
		{1E9BB1B7-F87C-48C9-9EB7-9ACD4263605A}.Release|ARM.Build.0 = Release|Any CPU
		{1E9BB1B7-F87C-48C9-9EB7-9ACD4263605A}.Release|ARM.Deploy.0 = Release|Any CPU
		{1E9BB1B7-F87C-48C9-9EB7-9ACD4263605A}.Release|iPhone.ActiveCfg = Release|Any CPU
		{1E9BB1B7-F87C-48C9-9EB7-9ACD4263605A}.Release|iPhone.Build.0 = Release|Any CPU
		{1E9BB1B7-F87C-48C9-9EB7-9ACD4263605A}.Release|iPhone.Deploy.0 = Release|Any CPU
		{1E9BB1B7-F87C-48C9-9EB7-9ACD4263605A}.Release|iPhoneSimulator.ActiveCfg = Release|Any CPU
		{1E9BB1B7-F87C-48C9-9EB7-9ACD4263605A}.Release|iPhoneSimulator.Build.0 = Release|Any CPU
		{1E9BB1B7-F87C-48C9-9EB7-9ACD4263605A}.Release|iPhoneSimulator.Deploy.0 = Release|Any CPU
		{1E9BB1B7-F87C-48C9-9EB7-9ACD4263605A}.Release|x64.ActiveCfg = Release|Any CPU
		{1E9BB1B7-F87C-48C9-9EB7-9ACD4263605A}.Release|x64.Build.0 = Release|Any CPU
		{1E9BB1B7-F87C-48C9-9EB7-9ACD4263605A}.Release|x64.Deploy.0 = Release|Any CPU
		{1E9BB1B7-F87C-48C9-9EB7-9ACD4263605A}.Release|x86.ActiveCfg = Release|Any CPU
		{1E9BB1B7-F87C-48C9-9EB7-9ACD4263605A}.Release|x86.Build.0 = Release|Any CPU
		{1E9BB1B7-F87C-48C9-9EB7-9ACD4263605A}.Release|x86.Deploy.0 = Release|Any CPU
	EndGlobalSection
	GlobalSection(SolutionProperties) = preSolution
		HideSolutionNode = FALSE
	EndGlobalSection
	GlobalSection(ExtensibilityGlobals) = postSolution
		SolutionGuid = {8756641F-456C-4499-8D30-B98D05B7AB4B}
	EndGlobalSection
EndGlobal
